github.com/mtresnik/goutils v1.1.1 h1:IsCeQkFJvtb768ECddOILmK5n+VDDCpdHIWzFnJjsDQ=
github.com/mtresnik/goutils v1.1.1/go.mod h1:v9vZuQDB6PeVz0zsTHAmwHrwRz62JkQ5llZwQaLZP20=
github.com/mtresnik/goutils v1.1.4 h1:dYdoNsV9Oo7A0ZWf4XvOjmLDYN7P59LxZjTalZ5LQcc=
github.com/mtresnik/goutils v1.1.4/go.mod h1:v9vZuQDB6PeVz0zsTHAmwHrwRz62JkQ5llZwQaLZP20=
