github.com/mtresnik/goutils v1.1.1 h1:IsCeQkFJvtb768ECddOILmK5n+VDDCpdHIWzFnJjsDQ=
github.com/mtresnik/goutils v1.1.1/go.mod h1:v9vZuQDB6PeVz0zsTHAmwHrwRz62JkQ5llZwQaLZP20=
github.com/mtresnik/goutils v1.1.4 h1:dYdoNsV9Oo7A0ZWf4XvOjmLDYN7P59LxZjTalZ5LQcc=
github.com/mtresnik/goutils v1.1.4/go.mod h1:v9vZuQDB6PeVz0zsTHAmwHrwRz62JkQ5llZwQaLZP20=
github.com/mtresnik/goutils v1.1.5 h1:N1Fqa8Ooy2sdYL3Anappo5DD6gAtTXzsGZL9iMmODSE=
github.com/mtresnik/goutils v1.1.5/go.mod h1:v9vZuQDB6PeVz0zsTHAmwHrwRz62JkQ5llZwQaLZP20=
github.com/mtresnik/goutils v1.1.6 h1:Uk2cbnj9yTcBeRzkoY1Ng5kTxwMGb06ma5RGJPzZff4=
github.com/mtresnik/goutils v1.1.6/go.mod h1:v9vZuQDB6PeVz0zsTHAmwHrwRz62JkQ5llZwQaLZP20=
github.com/mtresnik/goutils v1.1.7 h1:lnqkv8Ys6gHDJFKbQDB+S/eUEMmMJVfc6fY5h3SHSpY=
github.com/mtresnik/goutils v1.1.7/go.mod h1:v9vZuQDB6PeVz0zsTHAmwHrwRz62JkQ5llZwQaLZP20=
github.com/mtresnik/goutils v1.1.8 h1:h6+EIJSokkVlzQfNHuRox/duLuzB/rmIl8oI7Te1bdI=
github.com/mtresnik/goutils v1.1.8/go.mod h1:v9vZuQDB6PeVz0zsTHAmwHrwRz62JkQ5llZwQaLZP20=
github.com/mtresnik/goutils v1.1.9/go.mod h1:v9vZuQDB6PeVz0zsTHAmwHrwRz62JkQ5llZwQaLZP20=
github.com/mtresnik/goutils v1.1.10 h1:dXf3WnnUokeVPltUhZtgYJPgwXiH59Con82MOBjVuJk=
github.com/mtresnik/goutils v1.1.10/go.mod h1:v9vZuQDB6PeVz0zsTHAmwHrwRz62JkQ5llZwQaLZP20=
github.com/mtresnik/goutils v1.1.11/go.mod h1:v9vZuQDB6PeVz0zsTHAmwHrwRz62JkQ5llZwQaLZP20=
